
Microsoft Visual Studio Solution File, Format Version 12.00
# Visual Studio Version 17
VisualStudioVersion = 17.5.33516.290
MinimumVisualStudioVersion = 10.0.40219.1
Project("{FAE04EC0-301F-11D3-BF4B-00C04F79EFBC}") = "Ejercicio4", "Ejercicio4\Ejercicio4.csproj", "{7A90C966-C7F9-4A07-B6F6-FF99281053BC}"
EndProject
Global
	GlobalSection(SolutionConfigurationPlatforms) = preSolution
		Debug|Any CPU = Debug|Any CPU
		Release|Any CPU = Release|Any CPU
	EndGlobalSection
	GlobalSection(ProjectConfigurationPlatforms) = postSolution
		{7A90C966-C7F9-4A07-B6F6-FF99281053BC}.Debug|Any CPU.ActiveCfg = Debug|Any CPU
		{7A90C966-C7F9-4A07-B6F6-FF99281053BC}.Debug|Any CPU.Build.0 = Debug|Any CPU
		{7A90C966-C7F9-4A07-B6F6-FF99281053BC}.Release|Any CPU.ActiveCfg = Release|Any CPU
		{7A90C966-C7F9-4A07-B6F6-FF99281053BC}.Release|Any CPU.Build.0 = Release|Any CPU
	EndGlobalSection
	GlobalSection(SolutionProperties) = preSolution
		HideSolutionNode = FALSE
	EndGlobalSection
	GlobalSection(ExtensibilityGlobals) = postSolution
		SolutionGuid = {05C3B0BB-03F7-48FF-BBE9-1DFFF1CE7BBD}
	EndGlobalSection
EndGlobal
